// !$*UTF8*$!
{
	archiveVersion = 1;
	classes = {
	};
	objectVersion = 63;
	objects = {

/* Begin PBXBuildFile section */
		9DEB9CF22D66B54F00214127 /* AgendaModel.xcdatamodeld in Sources */ = {isa = PBXBuildFile; fileRef = 9DEB9CEC2D66B54F00214127 /* AgendaModel.xcdatamodeld */; };
		9DEB9CF32D66B54F00214127 /* AgendaApp.swift in Sources */ = {isa = PBXBuildFile; fileRef = 9DEB9CED2D66B54F00214127 /* AgendaApp.swift */; };
		9DEB9CF42D66B54F00214127 /* PersistenceController.swift in Sources */ = {isa = PBXBuildFile; fileRef = 9DEB9CEF2D66B54F00214127 /* PersistenceController.swift */; };
		9DEB9CF52D66B54F00214127 /* Preview Assets.xcassets in Resources */ = {isa = PBXBuildFile; fileRef = 9DEB9CEA2D66B54F00214127 /* Preview Assets.xcassets */; };
		9DEB9CF62D66B54F00214127 /* Assets.xcassets in Resources */ = {isa = PBXBuildFile; fileRef = 9DEB9CEE2D66B54F00214127 /* Assets.xcassets */; };
		9DEB9CFA2D66B5A600214127 /* ContactDAO.swift in Sources */ = {isa = PBXBuildFile; fileRef = 9DEB9CF92D66B59C00214127 /* ContactDAO.swift */; };
		9DEB9CFD2D66BADC00214127 /* ContactListView.swift in Sources */ = {isa = PBXBuildFile; fileRef = 9DEB9CFC2D66BADC00214127 /* ContactListView.swift */; };
		9DEB9CFF2D66BC2300214127 /* ContactView.swift in Sources */ = {isa = PBXBuildFile; fileRef = 9DEB9CFE2D66BC2300214127 /* ContactView.swift */; };
		9DEB9D022D66D26C00214127 /* ContactListViewModel.swift in Sources */ = {isa = PBXBuildFile; fileRef = 9DEB9D012D66D26200214127 /* ContactListViewModel.swift */; };
/* End PBXBuildFile section */

/* Begin PBXFileReference section */
		9DEB9CD42D66B17600214127 /* Agenda.app */ = {isa = PBXFileReference; explicitFileType = wrapper.application; includeInIndex = 0; path = Agenda.app; sourceTree = BUILT_PRODUCTS_DIR; };
		9DEB9CEA2D66B54F00214127 /* Preview Assets.xcassets */ = {isa = PBXFileReference; lastKnownFileType = folder.assetcatalog; path = "Preview Assets.xcassets"; sourceTree = "<group>"; };
		9DEB9CED2D66B54F00214127 /* AgendaApp.swift */ = {isa = PBXFileReference; lastKnownFileType = sourcecode.swift; path = AgendaApp.swift; sourceTree = "<group>"; };
		9DEB9CEE2D66B54F00214127 /* Assets.xcassets */ = {isa = PBXFileReference; lastKnownFileType = folder.assetcatalog; path = Assets.xcassets; sourceTree = "<group>"; };
		9DEB9CEF2D66B54F00214127 /* PersistenceController.swift */ = {isa = PBXFileReference; lastKnownFileType = sourcecode.swift; path = PersistenceController.swift; sourceTree = "<group>"; };
		9DEB9CF12D66B54F00214127 /* AgendaModel.xcdatamodel */ = {isa = PBXFileReference; lastKnownFileType = wrapper.xcdatamodel; path = AgendaModel.xcdatamodel; sourceTree = "<group>"; };
		9DEB9CF92D66B59C00214127 /* ContactDAO.swift */ = {isa = PBXFileReference; lastKnownFileType = sourcecode.swift; path = ContactDAO.swift; sourceTree = "<group>"; };
		9DEB9CFC2D66BADC00214127 /* ContactListView.swift */ = {isa = PBXFileReference; lastKnownFileType = sourcecode.swift; path = ContactListView.swift; sourceTree = "<group>"; };
		9DEB9CFE2D66BC2300214127 /* ContactView.swift */ = {isa = PBXFileReference; lastKnownFileType = sourcecode.swift; path = ContactView.swift; sourceTree = "<group>"; };
		9DEB9D012D66D26200214127 /* ContactListViewModel.swift */ = {isa = PBXFileReference; lastKnownFileType = sourcecode.swift; path = ContactListViewModel.swift; sourceTree = "<group>"; };
/* End PBXFileReference section */

/* Begin PBXFrameworksBuildPhase section */
		9DEB9CD12D66B17600214127 /* Frameworks */ = {
			isa = PBXFrameworksBuildPhase;
			buildActionMask = 2147483647;
			files = (
			);
			runOnlyForDeploymentPostprocessing = 0;
		};
/* End PBXFrameworksBuildPhase section */

/* Begin PBXGroup section */
		9DEB9CCB2D66B17600214127 = {
			isa = PBXGroup;
			children = (
				9DEB9CF02D66B54F00214127 /* Agenda */,
				9DEB9CD52D66B17600214127 /* Products */,
			);
			sourceTree = "<group>";
		};
		9DEB9CD52D66B17600214127 /* Products */ = {
			isa = PBXGroup;
			children = (
				9DEB9CD42D66B17600214127 /* Agenda.app */,
			);
			name = Products;
			sourceTree = "<group>";
		};
		9DEB9CEB2D66B54F00214127 /* Preview Content */ = {
			isa = PBXGroup;
			children = (
				9DEB9CEA2D66B54F00214127 /* Preview Assets.xcassets */,
			);
			path = "Preview Content";
			sourceTree = "<group>";
		};
		9DEB9CF02D66B54F00214127 /* Agenda */ = {
			isa = PBXGroup;
			children = (
				9DEB9D002D66D24600214127 /* ViewModels */,
				9DEB9CFB2D66BAB900214127 /* Views */,
				9DEB9CF82D66B58700214127 /* DAO */,
				9DEB9CF72D66B55500214127 /* Helpers */,
				9DEB9CEB2D66B54F00214127 /* Preview Content */,
				9DEB9CEC2D66B54F00214127 /* AgendaModel.xcdatamodeld */,
				9DEB9CED2D66B54F00214127 /* AgendaApp.swift */,
				9DEB9CEE2D66B54F00214127 /* Assets.xcassets */,
			);
			path = Agenda;
			sourceTree = "<group>";
		};
		9DEB9CF72D66B55500214127 /* Helpers */ = {
			isa = PBXGroup;
			children = (
				9DEB9CEF2D66B54F00214127 /* PersistenceController.swift */,
			);
			path = Helpers;
			sourceTree = "<group>";
		};
		9DEB9CF82D66B58700214127 /* DAO */ = {
			isa = PBXGroup;
			children = (
				9DEB9CF92D66B59C00214127 /* ContactDAO.swift */,
			);
			path = DAO;
			sourceTree = "<group>";
		};
		9DEB9CFB2D66BAB900214127 /* Views */ = {
			isa = PBXGroup;
			children = (
				9DEB9CFC2D66BADC00214127 /* ContactListView.swift */,
				9DEB9CFE2D66BC2300214127 /* ContactView.swift */,
			);
			path = Views;
			sourceTree = "<group>";
		};
		9DEB9D002D66D24600214127 /* ViewModels */ = {
			isa = PBXGroup;
			children = (
				9DEB9D012D66D26200214127 /* ContactListViewModel.swift */,
			);
			path = ViewModels;
			sourceTree = "<group>";
		};
/* End PBXGroup section */

/* Begin PBXNativeTarget section */
		9DEB9CD32D66B17600214127 /* Agenda */ = {
			isa = PBXNativeTarget;
			buildConfigurationList = 9DEB9CE72D66B17700214127 /* Build configuration list for PBXNativeTarget "Agenda" */;
			buildPhases = (
				9DEB9CD02D66B17600214127 /* Sources */,
				9DEB9CD12D66B17600214127 /* Frameworks */,
				9DEB9CD22D66B17600214127 /* Resources */,
			);
			buildRules = (
			);
			dependencies = (
			);
			name = Agenda;
			packageProductDependencies = (
			);
			productName = Agenda;
			productReference = 9DEB9CD42D66B17600214127 /* Agenda.app */;
			productType = "com.apple.product-type.application";
		};
/* End PBXNativeTarget section */

/* Begin PBXProject section */
		9DEB9CCC2D66B17600214127 /* Project object */ = {
			isa = PBXProject;
			attributes = {
				BuildIndependentTargetsInParallel = 1;
				LastSwiftUpdateCheck = 1620;
				LastUpgradeCheck = 1620;
				TargetAttributes = {
					9DEB9CD32D66B17600214127 = {
						CreatedOnToolsVersion = 16.2;
					};
				};
			};
			buildConfigurationList = 9DEB9CCF2D66B17600214127 /* Build configuration list for PBXProject "Agenda" */;
			compatibilityVersion = "Xcode 15.3";
			developmentRegion = en;
			hasScannedForEncodings = 0;
			knownRegions = (
				en,
				Base,
			);
			mainGroup = 9DEB9CCB2D66B17600214127;
			productRefGroup = 9DEB9CD52D66B17600214127 /* Products */;
			projectDirPath = "";
			projectRoot = "";
			targets = (
				9DEB9CD32D66B17600214127 /* Agenda */,
			);
		};
/* End PBXProject section */

/* Begin PBXResourcesBuildPhase section */
		9DEB9CD22D66B17600214127 /* Resources */ = {
			isa = PBXResourcesBuildPhase;
			buildActionMask = 2147483647;
			files = (
				9DEB9CF52D66B54F00214127 /* Preview Assets.xcassets in Resources */,
				9DEB9CF62D66B54F00214127 /* Assets.xcassets in Resources */,
			);
			runOnlyForDeploymentPostprocessing = 0;
		};
/* End PBXResourcesBuildPhase section */

/* Begin PBXSourcesBuildPhase section */
		9DEB9CD02D66B17600214127 /* Sources */ = {
			isa = PBXSourcesBuildPhase;
			buildActionMask = 2147483647;
			files = (
				9DEB9CFD2D66BADC00214127 /* ContactListView.swift in Sources */,
				9DEB9CFF2D66BC2300214127 /* ContactView.swift in Sources */,
				9DEB9CF22D66B54F00214127 /* AgendaModel.xcdatamodeld in Sources */,
				9DEB9CF32D66B54F00214127 /* AgendaApp.swift in Sources */,
				9DEB9CF42D66B54F00214127 /* PersistenceController.swift in Sources */,
				9DEB9D022D66D26C00214127 /* ContactListViewModel.swift in Sources */,
				9DEB9CFA2D66B5A600214127 /* ContactDAO.swift in Sources */,
			);
			runOnlyForDeploymentPostprocessing = 0;
		};
/* End PBXSourcesBuildPhase section */

/* Begin XCBuildConfiguration section */
		9DEB9CE52D66B17700214127 /* Debug */ = {
			isa = XCBuildConfiguration;
			buildSettings = {
				ALWAYS_SEARCH_USER_PATHS = NO;
				ASSETCATALOG_COMPILER_GENERATE_SWIFT_ASSET_SYMBOL_EXTENSIONS = YES;
				CLANG_ANALYZER_NONNULL = YES;
				CLANG_ANALYZER_NUMBER_OBJECT_CONVERSION = YES_AGGRESSIVE;
				CLANG_CXX_LANGUAGE_STANDARD = "gnu++20";
				CLANG_ENABLE_MODULES = YES;
				CLANG_ENABLE_OBJC_ARC = YES;
				CLANG_ENABLE_OBJC_WEAK = YES;
				CLANG_WARN_BLOCK_CAPTURE_AUTORELEASING = YES;
				CLANG_WARN_BOOL_CONVERSION = YES;
				CLANG_WARN_COMMA = YES;
				CLANG_WARN_CONSTANT_CONVERSION = YES;
				CLANG_WARN_DEPRECATED_OBJC_IMPLEMENTATIONS = YES;
				CLANG_WARN_DIRECT_OBJC_ISA_USAGE = YES_ERROR;
				CLANG_WARN_DOCUMENTATION_COMMENTS = YES;
				CLANG_WARN_EMPTY_BODY = YES;
				CLANG_WARN_ENUM_CONVERSION = YES;
				CLANG_WARN_INFINITE_RECURSION = YES;
				CLANG_WARN_INT_CONVERSION = YES;
				CLANG_WARN_NON_LITERAL_NULL_CONVERSION = YES;
				CLANG_WARN_OBJC_IMPLICIT_RETAIN_SELF = YES;
				CLANG_WARN_OBJC_LITERAL_CONVERSION = YES;
				CLANG_WARN_OBJC_ROOT_CLASS = YES_ERROR;
				CLANG_WARN_QUOTED_INCLUDE_IN_FRAMEWORK_HEADER = YES;
				CLANG_WARN_RANGE_LOOP_ANALYSIS = YES;
				CLANG_WARN_STRICT_PROTOTYPES = YES;
				CLANG_WARN_SUSPICIOUS_MOVE = YES;
				CLANG_WARN_UNGUARDED_AVAILABILITY = YES_AGGRESSIVE;
				CLANG_WARN_UNREACHABLE_CODE = YES;
				CLANG_WARN__DUPLICATE_METHOD_MATCH = YES;
				COPY_PHASE_STRIP = NO;
				DEBUG_INFORMATION_FORMAT = dwarf;
				ENABLE_STRICT_OBJC_MSGSEND = YES;
				ENABLE_TESTABILITY = YES;
				ENABLE_USER_SCRIPT_SANDBOXING = YES;
				GCC_C_LANGUAGE_STANDARD = gnu17;
				GCC_DYNAMIC_NO_PIC = NO;
				GCC_NO_COMMON_BLOCKS = YES;
				GCC_OPTIMIZATION_LEVEL = 0;
				GCC_PREPROCESSOR_DEFINITIONS = (
					"DEBUG=1",
					"$(inherited)",
				);
				GCC_WARN_64_TO_32_BIT_CONVERSION = YES;
				GCC_WARN_ABOUT_RETURN_TYPE = YES_ERROR;
				GCC_WARN_UNDECLARED_SELECTOR = YES;
				GCC_WARN_UNINITIALIZED_AUTOS = YES_AGGRESSIVE;
				GCC_WARN_UNUSED_FUNCTION = YES;
				GCC_WARN_UNUSED_VARIABLE = YES;
				IPHONEOS_DEPLOYMENT_TARGET = 18.2;
				LOCALIZATION_PREFERS_STRING_CATALOGS = YES;
				MTL_ENABLE_DEBUG_INFO = INCLUDE_SOURCE;
				MTL_FAST_MATH = YES;
				ONLY_ACTIVE_ARCH = YES;
				SDKROOT = iphoneos;
				SWIFT_ACTIVE_COMPILATION_CONDITIONS = "DEBUG $(inherited)";
				SWIFT_OPTIMIZATION_LEVEL = "-Onone";
			};
			name = Debug;
		};
		9DEB9CE62D66B17700214127 /* Release */ = {
			isa = XCBuildConfiguration;
			buildSettings = {
				ALWAYS_SEARCH_USER_PATHS = NO;
				ASSETCATALOG_COMPILER_GENERATE_SWIFT_ASSET_SYMBOL_EXTENSIONS = YES;
				CLANG_ANALYZER_NONNULL = YES;
				CLANG_ANALYZER_NUMBER_OBJECT_CONVERSION = YES_AGGRESSIVE;
				CLANG_CXX_LANGUAGE_STANDARD = "gnu++20";
				CLANG_ENABLE_MODULES = YES;
				CLANG_ENABLE_OBJC_ARC = YES;
				CLANG_ENABLE_OBJC_WEAK = YES;
				CLANG_WARN_BLOCK_CAPTURE_AUTORELEASING = YES;
				CLANG_WARN_BOOL_CONVERSION = YES;
				CLANG_WARN_COMMA = YES;
				CLANG_WARN_CONSTANT_CONVERSION = YES;
				CLANG_WARN_DEPRECATED_OBJC_IMPLEMENTATIONS = YES;
				CLANG_WARN_DIRECT_OBJC_ISA_USAGE = YES_ERROR;
				CLANG_WARN_DOCUMENTATION_COMMENTS = YES;
				CLANG_WARN_EMPTY_BODY = YES;
				CLANG_WARN_ENUM_CONVERSION = YES;
				CLANG_WARN_INFINITE_RECURSION = YES;
				CLANG_WARN_INT_CONVERSION = YES;
				CLANG_WARN_NON_LITERAL_NULL_CONVERSION = YES;
				CLANG_WARN_OBJC_IMPLICIT_RETAIN_SELF = YES;
				CLANG_WARN_OBJC_LITERAL_CONVERSION = YES;
				CLANG_WARN_OBJC_ROOT_CLASS = YES_ERROR;
				CLANG_WARN_QUOTED_INCLUDE_IN_FRAMEWORK_HEADER = YES;
				CLANG_WARN_RANGE_LOOP_ANALYSIS = YES;
				CLANG_WARN_STRICT_PROTOTYPES = YES;
				CLANG_WARN_SUSPICIOUS_MOVE = YES;
				CLANG_WARN_UNGUARDED_AVAILABILITY = YES_AGGRESSIVE;
				CLANG_WARN_UNREACHABLE_CODE = YES;
				CLANG_WARN__DUPLICATE_METHOD_MATCH = YES;
				COPY_PHASE_STRIP = NO;
				DEBUG_INFORMATION_FORMAT = "dwarf-with-dsym";
				ENABLE_NS_ASSERTIONS = NO;
				ENABLE_STRICT_OBJC_MSGSEND = YES;
				ENABLE_USER_SCRIPT_SANDBOXING = YES;
				GCC_C_LANGUAGE_STANDARD = gnu17;
				GCC_NO_COMMON_BLOCKS = YES;
				GCC_WARN_64_TO_32_BIT_CONVERSION = YES;
				GCC_WARN_ABOUT_RETURN_TYPE = YES_ERROR;
				GCC_WARN_UNDECLARED_SELECTOR = YES;
				GCC_WARN_UNINITIALIZED_AUTOS = YES_AGGRESSIVE;
				GCC_WARN_UNUSED_FUNCTION = YES;
				GCC_WARN_UNUSED_VARIABLE = YES;
				IPHONEOS_DEPLOYMENT_TARGET = 18.2;
				LOCALIZATION_PREFERS_STRING_CATALOGS = YES;
				MTL_ENABLE_DEBUG_INFO = NO;
				MTL_FAST_MATH = YES;
				SDKROOT = iphoneos;
				SWIFT_COMPILATION_MODE = wholemodule;
				VALIDATE_PRODUCT = YES;
			};
			name = Release;
		};
		9DEB9CE82D66B17700214127 /* Debug */ = {
			isa = XCBuildConfiguration;
			buildSettings = {
				ASSETCATALOG_COMPILER_APPICON_NAME = AppIcon;
				ASSETCATALOG_COMPILER_GLOBAL_ACCENT_COLOR_NAME = AccentColor;
				CODE_SIGN_STYLE = Automatic;
				CURRENT_PROJECT_VERSION = 1;
				DEVELOPMENT_ASSET_PATHS = "\"Agenda/Preview Content\"";
				ENABLE_PREVIEWS = YES;
				GENERATE_INFOPLIST_FILE = YES;
				INFOPLIST_KEY_UIApplicationSceneManifest_Generation = YES;
				INFOPLIST_KEY_UIApplicationSupportsIndirectInputEvents = YES;
				INFOPLIST_KEY_UILaunchScreen_Generation = YES;
				INFOPLIST_KEY_UISupportedInterfaceOrientations_iPad = "UIInterfaceOrientationPortrait UIInterfaceOrientationPortraitUpsideDown UIInterfaceOrientationLandscapeLeft UIInterfaceOrientationLandscapeRight";
				INFOPLIST_KEY_UISupportedInterfaceOrientations_iPhone = "UIInterfaceOrientationPortrait UIInterfaceOrientationLandscapeLeft UIInterfaceOrientationLandscapeRight";
				IPHONEOS_DEPLOYMENT_TARGET = 17.3;
				LD_RUNPATH_SEARCH_PATHS = (
					"$(inherited)",
					"@executable_path/Frameworks",
				);
				MARKETING_VERSION = 1.0;
				PRODUCT_BUNDLE_IDENTIFIER = pe.isil.Agenda;
				PRODUCT_NAME = "$(TARGET_NAME)";
				SWIFT_EMIT_LOC_STRINGS = YES;
				SWIFT_VERSION = 5.0;
				TARGETED_DEVICE_FAMILY = "1,2";
			};
			name = Debug;
		};
		9DEB9CE92D66B17700214127 /* Release */ = {
			isa = XCBuildConfiguration;
			buildSettings = {
				ASSETCATALOG_COMPILER_APPICON_NAME = AppIcon;
				ASSETCATALOG_COMPILER_GLOBAL_ACCENT_COLOR_NAME = AccentColor;
				CODE_SIGN_STYLE = Automatic;
				CURRENT_PROJECT_VERSION = 1;
				DEVELOPMENT_ASSET_PATHS = "\"Agenda/Preview Content\"";
				ENABLE_PREVIEWS = YES;
				GENERATE_INFOPLIST_FILE = YES;
				INFOPLIST_KEY_UIApplicationSceneManifest_Generation = YES;
				INFOPLIST_KEY_UIApplicationSupportsIndirectInputEvents = YES;
				INFOPLIST_KEY_UILaunchScreen_Generation = YES;
				INFOPLIST_KEY_UISupportedInterfaceOrientations_iPad = "UIInterfaceOrientationPortrait UIInterfaceOrientationPortraitUpsideDown UIInterfaceOrientationLandscapeLeft UIInterfaceOrientationLandscapeRight";
				INFOPLIST_KEY_UISupportedInterfaceOrientations_iPhone = "UIInterfaceOrientationPortrait UIInterfaceOrientationLandscapeLeft UIInterfaceOrientationLandscapeRight";
				IPHONEOS_DEPLOYMENT_TARGET = 17.3;
				LD_RUNPATH_SEARCH_PATHS = (
					"$(inherited)",
					"@executable_path/Frameworks",
				);
				MARKETING_VERSION = 1.0;
				PRODUCT_BUNDLE_IDENTIFIER = pe.isil.Agenda;
				PRODUCT_NAME = "$(TARGET_NAME)";
				SWIFT_EMIT_LOC_STRINGS = YES;
				SWIFT_VERSION = 5.0;
				TARGETED_DEVICE_FAMILY = "1,2";
			};
			name = Release;
		};
/* End XCBuildConfiguration section */

/* Begin XCConfigurationList section */
		9DEB9CCF2D66B17600214127 /* Build configuration list for PBXProject "Agenda" */ = {
			isa = XCConfigurationList;
			buildConfigurations = (
				9DEB9CE52D66B17700214127 /* Debug */,
				9DEB9CE62D66B17700214127 /* Release */,
			);
			defaultConfigurationIsVisible = 0;
			defaultConfigurationName = Release;
		};
		9DEB9CE72D66B17700214127 /* Build configuration list for PBXNativeTarget "Agenda" */ = {
			isa = XCConfigurationList;
			buildConfigurations = (
				9DEB9CE82D66B17700214127 /* Debug */,
				9DEB9CE92D66B17700214127 /* Release */,
			);
			defaultConfigurationIsVisible = 0;
			defaultConfigurationName = Release;
		};
/* End XCConfigurationList section */

/* Begin XCVersionGroup section */
		9DEB9CEC2D66B54F00214127 /* AgendaModel.xcdatamodeld */ = {
			isa = XCVersionGroup;
			children = (
				9DEB9CF12D66B54F00214127 /* AgendaModel.xcdatamodel */,
			);
			currentVersion = 9DEB9CF12D66B54F00214127 /* AgendaModel.xcdatamodel */;
			path = AgendaModel.xcdatamodeld;
			sourceTree = "<group>";
			versionGroupType = wrapper.xcdatamodel;
		};
/* End XCVersionGroup section */
	};
	rootObject = 9DEB9CCC2D66B17600214127 /* Project object */;
}
